
Microsoft Visual Studio Solution File, Format Version 12.00
# Visual Studio Version 17
VisualStudioVersion = 17.10.35201.131
MinimumVisualStudioVersion = 10.0.40219.1
Project("{2150E333-8FDC-42A3-9474-1A3956D46DE8}") = "Services", "Services", "{58B4839E-E888-431B-BBC4-BDE93846EFD2}"
EndProject
Project("{2150E333-8FDC-42A3-9474-1A3956D46DE8}") = "Catalog", "Catalog", "{21E51042-88F0-4AEB-9B4B-8BDC2057DF17}"
EndProject
Project("{9A19103F-16F7-4668-BE54-9A1E7A4F7556}") = "MultiShop.Catalog", "Services\Catalog\MultiShop.Catalog\MultiShop.Catalog.csproj", "{4F1A0D5B-B28F-452A-86F2-5E8088C730A8}"
EndProject
Project("{2150E333-8FDC-42A3-9474-1A3956D46DE8}") = "Discount", "Discount", "{B806437B-2A8C-40F3-B668-8AACDEDD3D20}"
EndProject
Project("{9A19103F-16F7-4668-BE54-9A1E7A4F7556}") = "MultiShop.Discount", "Services\Discount\MultiShop.Discount\MultiShop.Discount.csproj", "{8C86F19E-CC5C-46AE-8597-F46954D9F3BC}"
EndProject
Project("{2150E333-8FDC-42A3-9474-1A3956D46DE8}") = "Order", "Order", "{0E55EAEB-EE05-418F-A632-7F56D5FD1C85}"
EndProject
Project("{2150E333-8FDC-42A3-9474-1A3956D46DE8}") = "Core", "Core", "{733A3E3B-31B0-4BB7-AF5F-AF6EDFB58572}"
EndProject
Project("{2150E333-8FDC-42A3-9474-1A3956D46DE8}") = "Infrastructure", "Infrastructure", "{D47AE929-1D22-486A-B65C-386B648A7E84}"
EndProject
Project("{2150E333-8FDC-42A3-9474-1A3956D46DE8}") = "Presentation", "Presentation", "{FA2BB0CC-A265-4DDD-9F4A-128E44D931F0}"
EndProject
Project("{9A19103F-16F7-4668-BE54-9A1E7A4F7556}") = "MultiShop.Order.Domain", "MultiShop.Order.Domain\MultiShop.Order.Domain.csproj", "{962851C4-86F3-478A-A6D1-41A9B86DC497}"
EndProject
Project("{9A19103F-16F7-4668-BE54-9A1E7A4F7556}") = "MultiShop.Order.Application", "MultiShop.Order.Application\MultiShop.Order.Application.csproj", "{0DC49689-39BB-4AD9-BD90-971F8F025444}"
EndProject
Project("{9A19103F-16F7-4668-BE54-9A1E7A4F7556}") = "MultiShop.Order.Persistence", "MultiShop.Order.Persistence\MultiShop.Order.Persistence.csproj", "{83604BCE-18F1-40E0-94AA-8620BC84C8A4}"
EndProject
Project("{9A19103F-16F7-4668-BE54-9A1E7A4F7556}") = "MultiShop.Order.WebApi", "MultiShop.Order.WebApi\MultiShop.Order.WebApi.csproj", "{EA6D08C1-29C0-49BA-8A69-352B249F570C}"
EndProject
Project("{2150E333-8FDC-42A3-9474-1A3956D46DE8}") = "IdentityServer", "IdentityServer", "{870895EA-B305-4F04-B01E-4B1E97DFD339}"
EndProject
Project("{9A19103F-16F7-4668-BE54-9A1E7A4F7556}") = "MultiShop.IdentityServer", "IdentityServer\MultiShop.IdentityServer\MultiShop.IdentityServer.csproj", "{41F5C872-5C16-4751-8E64-D51B9FCB2C86}"
EndProject
Project("{2150E333-8FDC-42A3-9474-1A3956D46DE8}") = "Cargo", "Cargo", "{C7764A10-BA14-40A2-89B4-680638054EDF}"
EndProject
Project("{9A19103F-16F7-4668-BE54-9A1E7A4F7556}") = "MultiShop.Cargo.EntityLayer", "Services\Cargo\MultiShop.Cargo.EntityLayer\MultiShop.Cargo.EntityLayer.csproj", "{579CF0E7-93F8-44E7-9E58-4D2D32E4D15E}"
EndProject
Project("{9A19103F-16F7-4668-BE54-9A1E7A4F7556}") = "MultiShop.Cargo.BusinessLayer", "Services\Cargo\MultiShop.Cargo.BusinessLayer\MultiShop.Cargo.BusinessLayer.csproj", "{946A752A-85FD-4F41-914B-FDF93205597D}"
EndProject
Project("{9A19103F-16F7-4668-BE54-9A1E7A4F7556}") = "MultiShop.Cargo.DataAccessLayer", "Services\Cargo\MultiShop.Cargo.DataAccessLayer\MultiShop.Cargo.DataAccessLayer.csproj", "{B2DCD97A-5CB5-4C7E-AE7B-6C8FD53623C5}"
EndProject
Project("{9A19103F-16F7-4668-BE54-9A1E7A4F7556}") = "MultiShop.Cargo.DtoLayer", "Services\Cargo\MultiShop.Cargo.DtoLayer\MultiShop.Cargo.DtoLayer.csproj", "{2016F1EC-0740-4839-B962-9C60028DBD5B}"
EndProject
Project("{9A19103F-16F7-4668-BE54-9A1E7A4F7556}") = "MultiShop.Cargo.WebApi", "Services\Cargo\MultiShop.Cargo.WebApi\MultiShop.Cargo.WebApi.csproj", "{C0A4D38D-81B5-4CE1-8846-64DF2D1CA563}"
EndProject
Project("{2150E333-8FDC-42A3-9474-1A3956D46DE8}") = "Basket", "Basket", "{5E990E5C-51E6-4B02-914A-9B53B2859D64}"
EndProject
Project("{9A19103F-16F7-4668-BE54-9A1E7A4F7556}") = "MultiShop.Basket", "Services\Basket\MultiShop.Basket\MultiShop.Basket.csproj", "{91942E72-6BE7-43DC-9591-E00B30C463C6}"
EndProject
Project("{2150E333-8FDC-42A3-9474-1A3956D46DE8}") = "Frontends", "Frontends", "{FD396BE4-7A7C-497C-8DC0-28EA709B5423}"
EndProject
Project("{9A19103F-16F7-4668-BE54-9A1E7A4F7556}") = "MultiShop.WebUI", "Frontends\MultiShop.WebUI\MultiShop.WebUI.csproj", "{C5B1AC3F-8D47-4D8E-97E2-7D24B4B0EE00}"
EndProject
Project("{9A19103F-16F7-4668-BE54-9A1E7A4F7556}") = "MultiShop.DtoLayer", "Frontends\MultiShop.DtoLayer\MultiShop.DtoLayer.csproj", "{22CDF49B-5B60-4F1E-80BB-48C1158F3D10}"
EndProject
Project("{2150E333-8FDC-42A3-9474-1A3956D46DE8}") = "Comment", "Comment", "{23F7C9FF-1C68-4044-94D6-21990C7AFFF4}"
EndProject
Project("{9A19103F-16F7-4668-BE54-9A1E7A4F7556}") = "MultiShop.Comment", "Services\Comment\MultiShop.Comment\MultiShop.Comment.csproj", "{9501EF6C-597B-4718-9A56-87771DD1ABA6}"
EndProject
Project("{2150E333-8FDC-42A3-9474-1A3956D46DE8}") = "ApiGateway", "ApiGateway", "{9F5A5A29-2298-435B-8371-D521ED607320}"
EndProject
Project("{2150E333-8FDC-42A3-9474-1A3956D46DE8}") = "RapidApi", "RapidApi", "{840F89F2-1A30-4E80-98D9-62CC533D71F6}"
EndProject
Project("{9A19103F-16F7-4668-BE54-9A1E7A4F7556}") = "MultiShop.OcelotGateway", "ApiGateway\MultiShop.OcelotGateway\MultiShop.OcelotGateway.csproj", "{8B470327-F582-4F97-A132-0F1C549AB0B4}"
EndProject
Project("{2150E333-8FDC-42A3-9474-1A3956D46DE8}") = "Message", "Message", "{F1D058B8-5D25-4FF8-9D78-9149BB5A9C26}"
EndProject
Project("{9A19103F-16F7-4668-BE54-9A1E7A4F7556}") = "MultiShop.Message", "Services\Message\MultiShop.Message\MultiShop.Message.csproj", "{4143032A-794F-4A10-9E72-46BF88A0CBA4}"
EndProject
Project("{2150E333-8FDC-42A3-9474-1A3956D46DE8}") = "RabbitMQMessage", "RabbitMQMessage", "{90BB5411-D31D-445F-AFF5-7F2F275DFF0A}"
EndProject
Project("{FAE04EC0-301F-11D3-BF4B-00C04F79EFBC}") = "MultiShop.RabbitMQMessageApi", "RabbitMQMessage\MultiShop.RabbitMQMessageApi\MultiShop.RabbitMQMessageApi.csproj", "{B6BF0511-99BD-4A8D-93D1-A4A0BCD1C560}"
EndProject
Global
	GlobalSection(SolutionConfigurationPlatforms) = preSolution
		Debug|Any CPU = Debug|Any CPU
		Release|Any CPU = Release|Any CPU
	EndGlobalSection
	GlobalSection(ProjectConfigurationPlatforms) = postSolution
		{4F1A0D5B-B28F-452A-86F2-5E8088C730A8}.Debug|Any CPU.ActiveCfg = Debug|Any CPU
		{4F1A0D5B-B28F-452A-86F2-5E8088C730A8}.Debug|Any CPU.Build.0 = Debug|Any CPU
		{4F1A0D5B-B28F-452A-86F2-5E8088C730A8}.Release|Any CPU.ActiveCfg = Release|Any CPU
		{4F1A0D5B-B28F-452A-86F2-5E8088C730A8}.Release|Any CPU.Build.0 = Release|Any CPU
		{8C86F19E-CC5C-46AE-8597-F46954D9F3BC}.Debug|Any CPU.ActiveCfg = Debug|Any CPU
		{8C86F19E-CC5C-46AE-8597-F46954D9F3BC}.Debug|Any CPU.Build.0 = Debug|Any CPU
		{8C86F19E-CC5C-46AE-8597-F46954D9F3BC}.Release|Any CPU.ActiveCfg = Release|Any CPU
		{8C86F19E-CC5C-46AE-8597-F46954D9F3BC}.Release|Any CPU.Build.0 = Release|Any CPU
		{962851C4-86F3-478A-A6D1-41A9B86DC497}.Debug|Any CPU.ActiveCfg = Debug|Any CPU
		{962851C4-86F3-478A-A6D1-41A9B86DC497}.Debug|Any CPU.Build.0 = Debug|Any CPU
		{962851C4-86F3-478A-A6D1-41A9B86DC497}.Release|Any CPU.ActiveCfg = Release|Any CPU
		{962851C4-86F3-478A-A6D1-41A9B86DC497}.Release|Any CPU.Build.0 = Release|Any CPU
		{0DC49689-39BB-4AD9-BD90-971F8F025444}.Debug|Any CPU.ActiveCfg = Debug|Any CPU
		{0DC49689-39BB-4AD9-BD90-971F8F025444}.Debug|Any CPU.Build.0 = Debug|Any CPU
		{0DC49689-39BB-4AD9-BD90-971F8F025444}.Release|Any CPU.ActiveCfg = Release|Any CPU
		{0DC49689-39BB-4AD9-BD90-971F8F025444}.Release|Any CPU.Build.0 = Release|Any CPU
		{83604BCE-18F1-40E0-94AA-8620BC84C8A4}.Debug|Any CPU.ActiveCfg = Debug|Any CPU
		{83604BCE-18F1-40E0-94AA-8620BC84C8A4}.Debug|Any CPU.Build.0 = Debug|Any CPU
		{83604BCE-18F1-40E0-94AA-8620BC84C8A4}.Release|Any CPU.ActiveCfg = Release|Any CPU
		{83604BCE-18F1-40E0-94AA-8620BC84C8A4}.Release|Any CPU.Build.0 = Release|Any CPU
		{EA6D08C1-29C0-49BA-8A69-352B249F570C}.Debug|Any CPU.ActiveCfg = Debug|Any CPU
		{EA6D08C1-29C0-49BA-8A69-352B249F570C}.Debug|Any CPU.Build.0 = Debug|Any CPU
		{EA6D08C1-29C0-49BA-8A69-352B249F570C}.Release|Any CPU.ActiveCfg = Release|Any CPU
		{EA6D08C1-29C0-49BA-8A69-352B249F570C}.Release|Any CPU.Build.0 = Release|Any CPU
		{41F5C872-5C16-4751-8E64-D51B9FCB2C86}.Debug|Any CPU.ActiveCfg = Debug|Any CPU
		{41F5C872-5C16-4751-8E64-D51B9FCB2C86}.Debug|Any CPU.Build.0 = Debug|Any CPU
		{41F5C872-5C16-4751-8E64-D51B9FCB2C86}.Release|Any CPU.ActiveCfg = Release|Any CPU
		{41F5C872-5C16-4751-8E64-D51B9FCB2C86}.Release|Any CPU.Build.0 = Release|Any CPU
		{579CF0E7-93F8-44E7-9E58-4D2D32E4D15E}.Debug|Any CPU.ActiveCfg = Debug|Any CPU
		{579CF0E7-93F8-44E7-9E58-4D2D32E4D15E}.Debug|Any CPU.Build.0 = Debug|Any CPU
		{579CF0E7-93F8-44E7-9E58-4D2D32E4D15E}.Release|Any CPU.ActiveCfg = Release|Any CPU
		{579CF0E7-93F8-44E7-9E58-4D2D32E4D15E}.Release|Any CPU.Build.0 = Release|Any CPU
		{946A752A-85FD-4F41-914B-FDF93205597D}.Debug|Any CPU.ActiveCfg = Debug|Any CPU
		{946A752A-85FD-4F41-914B-FDF93205597D}.Debug|Any CPU.Build.0 = Debug|Any CPU
		{946A752A-85FD-4F41-914B-FDF93205597D}.Release|Any CPU.ActiveCfg = Release|Any CPU
		{946A752A-85FD-4F41-914B-FDF93205597D}.Release|Any CPU.Build.0 = Release|Any CPU
		{B2DCD97A-5CB5-4C7E-AE7B-6C8FD53623C5}.Debug|Any CPU.ActiveCfg = Debug|Any CPU
		{B2DCD97A-5CB5-4C7E-AE7B-6C8FD53623C5}.Debug|Any CPU.Build.0 = Debug|Any CPU
		{B2DCD97A-5CB5-4C7E-AE7B-6C8FD53623C5}.Release|Any CPU.ActiveCfg = Release|Any CPU
		{B2DCD97A-5CB5-4C7E-AE7B-6C8FD53623C5}.Release|Any CPU.Build.0 = Release|Any CPU
		{2016F1EC-0740-4839-B962-9C60028DBD5B}.Debug|Any CPU.ActiveCfg = Debug|Any CPU
		{2016F1EC-0740-4839-B962-9C60028DBD5B}.Debug|Any CPU.Build.0 = Debug|Any CPU
		{2016F1EC-0740-4839-B962-9C60028DBD5B}.Release|Any CPU.ActiveCfg = Release|Any CPU
		{2016F1EC-0740-4839-B962-9C60028DBD5B}.Release|Any CPU.Build.0 = Release|Any CPU
		{C0A4D38D-81B5-4CE1-8846-64DF2D1CA563}.Debug|Any CPU.ActiveCfg = Debug|Any CPU
		{C0A4D38D-81B5-4CE1-8846-64DF2D1CA563}.Debug|Any CPU.Build.0 = Debug|Any CPU
		{C0A4D38D-81B5-4CE1-8846-64DF2D1CA563}.Release|Any CPU.ActiveCfg = Release|Any CPU
		{C0A4D38D-81B5-4CE1-8846-64DF2D1CA563}.Release|Any CPU.Build.0 = Release|Any CPU
		{91942E72-6BE7-43DC-9591-E00B30C463C6}.Debug|Any CPU.ActiveCfg = Debug|Any CPU
		{91942E72-6BE7-43DC-9591-E00B30C463C6}.Debug|Any CPU.Build.0 = Debug|Any CPU
		{91942E72-6BE7-43DC-9591-E00B30C463C6}.Release|Any CPU.ActiveCfg = Release|Any CPU
		{91942E72-6BE7-43DC-9591-E00B30C463C6}.Release|Any CPU.Build.0 = Release|Any CPU
		{C5B1AC3F-8D47-4D8E-97E2-7D24B4B0EE00}.Debug|Any CPU.ActiveCfg = Debug|Any CPU
		{C5B1AC3F-8D47-4D8E-97E2-7D24B4B0EE00}.Debug|Any CPU.Build.0 = Debug|Any CPU
		{C5B1AC3F-8D47-4D8E-97E2-7D24B4B0EE00}.Release|Any CPU.ActiveCfg = Release|Any CPU
		{C5B1AC3F-8D47-4D8E-97E2-7D24B4B0EE00}.Release|Any CPU.Build.0 = Release|Any CPU
		{22CDF49B-5B60-4F1E-80BB-48C1158F3D10}.Debug|Any CPU.ActiveCfg = Debug|Any CPU
		{22CDF49B-5B60-4F1E-80BB-48C1158F3D10}.Debug|Any CPU.Build.0 = Debug|Any CPU
		{22CDF49B-5B60-4F1E-80BB-48C1158F3D10}.Release|Any CPU.ActiveCfg = Release|Any CPU
		{22CDF49B-5B60-4F1E-80BB-48C1158F3D10}.Release|Any CPU.Build.0 = Release|Any CPU
		{9501EF6C-597B-4718-9A56-87771DD1ABA6}.Debug|Any CPU.ActiveCfg = Debug|Any CPU
		{9501EF6C-597B-4718-9A56-87771DD1ABA6}.Debug|Any CPU.Build.0 = Debug|Any CPU
		{9501EF6C-597B-4718-9A56-87771DD1ABA6}.Release|Any CPU.ActiveCfg = Release|Any CPU
		{9501EF6C-597B-4718-9A56-87771DD1ABA6}.Release|Any CPU.Build.0 = Release|Any CPU
		{8B470327-F582-4F97-A132-0F1C549AB0B4}.Debug|Any CPU.ActiveCfg = Debug|Any CPU
		{8B470327-F582-4F97-A132-0F1C549AB0B4}.Debug|Any CPU.Build.0 = Debug|Any CPU
		{8B470327-F582-4F97-A132-0F1C549AB0B4}.Release|Any CPU.ActiveCfg = Release|Any CPU
		{8B470327-F582-4F97-A132-0F1C549AB0B4}.Release|Any CPU.Build.0 = Release|Any CPU
		{4143032A-794F-4A10-9E72-46BF88A0CBA4}.Debug|Any CPU.ActiveCfg = Debug|Any CPU
		{4143032A-794F-4A10-9E72-46BF88A0CBA4}.Debug|Any CPU.Build.0 = Debug|Any CPU
		{4143032A-794F-4A10-9E72-46BF88A0CBA4}.Release|Any CPU.ActiveCfg = Release|Any CPU
		{4143032A-794F-4A10-9E72-46BF88A0CBA4}.Release|Any CPU.Build.0 = Release|Any CPU
		{B6BF0511-99BD-4A8D-93D1-A4A0BCD1C560}.Debug|Any CPU.ActiveCfg = Debug|Any CPU
		{B6BF0511-99BD-4A8D-93D1-A4A0BCD1C560}.Debug|Any CPU.Build.0 = Debug|Any CPU
		{B6BF0511-99BD-4A8D-93D1-A4A0BCD1C560}.Release|Any CPU.ActiveCfg = Release|Any CPU
		{B6BF0511-99BD-4A8D-93D1-A4A0BCD1C560}.Release|Any CPU.Build.0 = Release|Any CPU
	EndGlobalSection
	GlobalSection(SolutionProperties) = preSolution
		HideSolutionNode = FALSE
	EndGlobalSection
	GlobalSection(NestedProjects) = preSolution
		{21E51042-88F0-4AEB-9B4B-8BDC2057DF17} = {58B4839E-E888-431B-BBC4-BDE93846EFD2}
		{4F1A0D5B-B28F-452A-86F2-5E8088C730A8} = {21E51042-88F0-4AEB-9B4B-8BDC2057DF17}
		{B806437B-2A8C-40F3-B668-8AACDEDD3D20} = {58B4839E-E888-431B-BBC4-BDE93846EFD2}
		{8C86F19E-CC5C-46AE-8597-F46954D9F3BC} = {B806437B-2A8C-40F3-B668-8AACDEDD3D20}
		{0E55EAEB-EE05-418F-A632-7F56D5FD1C85} = {58B4839E-E888-431B-BBC4-BDE93846EFD2}
		{733A3E3B-31B0-4BB7-AF5F-AF6EDFB58572} = {0E55EAEB-EE05-418F-A632-7F56D5FD1C85}
		{D47AE929-1D22-486A-B65C-386B648A7E84} = {0E55EAEB-EE05-418F-A632-7F56D5FD1C85}
		{FA2BB0CC-A265-4DDD-9F4A-128E44D931F0} = {0E55EAEB-EE05-418F-A632-7F56D5FD1C85}
		{962851C4-86F3-478A-A6D1-41A9B86DC497} = {733A3E3B-31B0-4BB7-AF5F-AF6EDFB58572}
		{0DC49689-39BB-4AD9-BD90-971F8F025444} = {733A3E3B-31B0-4BB7-AF5F-AF6EDFB58572}
		{83604BCE-18F1-40E0-94AA-8620BC84C8A4} = {D47AE929-1D22-486A-B65C-386B648A7E84}
		{EA6D08C1-29C0-49BA-8A69-352B249F570C} = {FA2BB0CC-A265-4DDD-9F4A-128E44D931F0}
		{41F5C872-5C16-4751-8E64-D51B9FCB2C86} = {870895EA-B305-4F04-B01E-4B1E97DFD339}
		{C7764A10-BA14-40A2-89B4-680638054EDF} = {58B4839E-E888-431B-BBC4-BDE93846EFD2}
		{579CF0E7-93F8-44E7-9E58-4D2D32E4D15E} = {C7764A10-BA14-40A2-89B4-680638054EDF}
		{946A752A-85FD-4F41-914B-FDF93205597D} = {C7764A10-BA14-40A2-89B4-680638054EDF}
		{B2DCD97A-5CB5-4C7E-AE7B-6C8FD53623C5} = {C7764A10-BA14-40A2-89B4-680638054EDF}
		{2016F1EC-0740-4839-B962-9C60028DBD5B} = {C7764A10-BA14-40A2-89B4-680638054EDF}
		{C0A4D38D-81B5-4CE1-8846-64DF2D1CA563} = {C7764A10-BA14-40A2-89B4-680638054EDF}
		{5E990E5C-51E6-4B02-914A-9B53B2859D64} = {58B4839E-E888-431B-BBC4-BDE93846EFD2}
		{91942E72-6BE7-43DC-9591-E00B30C463C6} = {5E990E5C-51E6-4B02-914A-9B53B2859D64}
		{C5B1AC3F-8D47-4D8E-97E2-7D24B4B0EE00} = {FD396BE4-7A7C-497C-8DC0-28EA709B5423}
		{22CDF49B-5B60-4F1E-80BB-48C1158F3D10} = {FD396BE4-7A7C-497C-8DC0-28EA709B5423}
		{23F7C9FF-1C68-4044-94D6-21990C7AFFF4} = {58B4839E-E888-431B-BBC4-BDE93846EFD2}
		{9501EF6C-597B-4718-9A56-87771DD1ABA6} = {23F7C9FF-1C68-4044-94D6-21990C7AFFF4}
		{8B470327-F582-4F97-A132-0F1C549AB0B4} = {9F5A5A29-2298-435B-8371-D521ED607320}
		{F1D058B8-5D25-4FF8-9D78-9149BB5A9C26} = {58B4839E-E888-431B-BBC4-BDE93846EFD2}
		{4143032A-794F-4A10-9E72-46BF88A0CBA4} = {F1D058B8-5D25-4FF8-9D78-9149BB5A9C26}
		{B6BF0511-99BD-4A8D-93D1-A4A0BCD1C560} = {90BB5411-D31D-445F-AFF5-7F2F275DFF0A}
	EndGlobalSection
	GlobalSection(ExtensibilityGlobals) = postSolution
		SolutionGuid = {A7C60560-FBB3-4212-B79E-4D58A0EB913F}
	EndGlobalSection
EndGlobal
