
Microsoft Visual Studio Solution File, Format Version 12.00
# Visual Studio Version 17
VisualStudioVersion = 17.10.35201.131
MinimumVisualStudioVersion = 10.0.40219.1
Project("{2150E333-8FDC-42A3-9474-1A3956D46DE8}") = "Services", "Services", "{58B4839E-E888-431B-BBC4-BDE93846EFD2}"
EndProject
Project("{2150E333-8FDC-42A3-9474-1A3956D46DE8}") = "Catalog", "Catalog", "{21E51042-88F0-4AEB-9B4B-8BDC2057DF17}"
EndProject
Project("{9A19103F-16F7-4668-BE54-9A1E7A4F7556}") = "MultiShop.Catalog", "Services\Catalog\MultiShop.Catalog\MultiShop.Catalog.csproj", "{4F1A0D5B-B28F-452A-86F2-5E8088C730A8}"
EndProject
Project("{2150E333-8FDC-42A3-9474-1A3956D46DE8}") = "Discount", "Discount", "{B806437B-2A8C-40F3-B668-8AACDEDD3D20}"
EndProject
Project("{9A19103F-16F7-4668-BE54-9A1E7A4F7556}") = "MultiShop.Discount", "Services\Discount\MultiShop.Discount\MultiShop.Discount.csproj", "{8C86F19E-CC5C-46AE-8597-F46954D9F3BC}"
EndProject
Project("{2150E333-8FDC-42A3-9474-1A3956D46DE8}") = "Order", "Order", "{0E55EAEB-EE05-418F-A632-7F56D5FD1C85}"
EndProject
Project("{2150E333-8FDC-42A3-9474-1A3956D46DE8}") = "Core", "Core", "{733A3E3B-31B0-4BB7-AF5F-AF6EDFB58572}"
EndProject
Project("{2150E333-8FDC-42A3-9474-1A3956D46DE8}") = "Infrastructure", "Infrastructure", "{D47AE929-1D22-486A-B65C-386B648A7E84}"
EndProject
Project("{2150E333-8FDC-42A3-9474-1A3956D46DE8}") = "Presentation", "Presentation", "{FA2BB0CC-A265-4DDD-9F4A-128E44D931F0}"
EndProject
Project("{9A19103F-16F7-4668-BE54-9A1E7A4F7556}") = "MultiShop.Order.Domain", "MultiShop.Order.Domain\MultiShop.Order.Domain.csproj", "{962851C4-86F3-478A-A6D1-41A9B86DC497}"
EndProject
Project("{9A19103F-16F7-4668-BE54-9A1E7A4F7556}") = "MultiShop.Order.Application", "MultiShop.Order.Application\MultiShop.Order.Application.csproj", "{0DC49689-39BB-4AD9-BD90-971F8F025444}"
EndProject
Project("{9A19103F-16F7-4668-BE54-9A1E7A4F7556}") = "MultiShop.Order.Persistence", "MultiShop.Order.Persistence\MultiShop.Order.Persistence.csproj", "{83604BCE-18F1-40E0-94AA-8620BC84C8A4}"
EndProject
Project("{9A19103F-16F7-4668-BE54-9A1E7A4F7556}") = "MultiShop.Order.WebApi", "MultiShop.Order.WebApi\MultiShop.Order.WebApi.csproj", "{EA6D08C1-29C0-49BA-8A69-352B249F570C}"
EndProject
Project("{2150E333-8FDC-42A3-9474-1A3956D46DE8}") = "IdentityServer", "IdentityServer", "{870895EA-B305-4F04-B01E-4B1E97DFD339}"
EndProject
Project("{9A19103F-16F7-4668-BE54-9A1E7A4F7556}") = "MultiShop.IdentityServer", "IdentityServer\MultiShop.IdentityServer\MultiShop.IdentityServer.csproj", "{41F5C872-5C16-4751-8E64-D51B9FCB2C86}"
EndProject
Project("{2150E333-8FDC-42A3-9474-1A3956D46DE8}") = "Cargo", "Cargo", "{C7764A10-BA14-40A2-89B4-680638054EDF}"
EndProject
Project("{FAE04EC0-301F-11D3-BF4B-00C04F79EFBC}") = "MultiShop.Cargo.EntityLayer", "Services\Cargo\MultiShop.Cargo.EntityLayer\MultiShop.Cargo.EntityLayer.csproj", "{579CF0E7-93F8-44E7-9E58-4D2D32E4D15E}"
EndProject
Project("{FAE04EC0-301F-11D3-BF4B-00C04F79EFBC}") = "MultiShop.Cargo.BusinessLayer", "Services\Cargo\MultiShop.Cargo.BusinessLayer\MultiShop.Cargo.BusinessLayer.csproj", "{946A752A-85FD-4F41-914B-FDF93205597D}"
EndProject
Project("{FAE04EC0-301F-11D3-BF4B-00C04F79EFBC}") = "MultiShop.Cargo.DataAccessLayer", "Services\Cargo\MultiShop.Cargo.DataAccessLayer\MultiShop.Cargo.DataAccessLayer.csproj", "{B2DCD97A-5CB5-4C7E-AE7B-6C8FD53623C5}"
EndProject
Project("{FAE04EC0-301F-11D3-BF4B-00C04F79EFBC}") = "MultiShop.Cargo.DtoLayer", "Services\Cargo\MultiShop.Cargo.DtoLayer\MultiShop.Cargo.DtoLayer.csproj", "{2016F1EC-0740-4839-B962-9C60028DBD5B}"
EndProject
Project("{FAE04EC0-301F-11D3-BF4B-00C04F79EFBC}") = "MultiShop.Cargo.WebApi", "Services\Cargo\MultiShop.Cargo.WebApi\MultiShop.Cargo.WebApi.csproj", "{C0A4D38D-81B5-4CE1-8846-64DF2D1CA563}"
EndProject
Global
	GlobalSection(SolutionConfigurationPlatforms) = preSolution
		Debug|Any CPU = Debug|Any CPU
		Release|Any CPU = Release|Any CPU
	EndGlobalSection
	GlobalSection(ProjectConfigurationPlatforms) = postSolution
		{4F1A0D5B-B28F-452A-86F2-5E8088C730A8}.Debug|Any CPU.ActiveCfg = Debug|Any CPU
		{4F1A0D5B-B28F-452A-86F2-5E8088C730A8}.Debug|Any CPU.Build.0 = Debug|Any CPU
		{4F1A0D5B-B28F-452A-86F2-5E8088C730A8}.Release|Any CPU.ActiveCfg = Release|Any CPU
		{4F1A0D5B-B28F-452A-86F2-5E8088C730A8}.Release|Any CPU.Build.0 = Release|Any CPU
		{8C86F19E-CC5C-46AE-8597-F46954D9F3BC}.Debug|Any CPU.ActiveCfg = Debug|Any CPU
		{8C86F19E-CC5C-46AE-8597-F46954D9F3BC}.Debug|Any CPU.Build.0 = Debug|Any CPU
		{8C86F19E-CC5C-46AE-8597-F46954D9F3BC}.Release|Any CPU.ActiveCfg = Release|Any CPU
		{8C86F19E-CC5C-46AE-8597-F46954D9F3BC}.Release|Any CPU.Build.0 = Release|Any CPU
		{962851C4-86F3-478A-A6D1-41A9B86DC497}.Debug|Any CPU.ActiveCfg = Debug|Any CPU
		{962851C4-86F3-478A-A6D1-41A9B86DC497}.Debug|Any CPU.Build.0 = Debug|Any CPU
		{962851C4-86F3-478A-A6D1-41A9B86DC497}.Release|Any CPU.ActiveCfg = Release|Any CPU
		{962851C4-86F3-478A-A6D1-41A9B86DC497}.Release|Any CPU.Build.0 = Release|Any CPU
		{0DC49689-39BB-4AD9-BD90-971F8F025444}.Debug|Any CPU.ActiveCfg = Debug|Any CPU
		{0DC49689-39BB-4AD9-BD90-971F8F025444}.Debug|Any CPU.Build.0 = Debug|Any CPU
		{0DC49689-39BB-4AD9-BD90-971F8F025444}.Release|Any CPU.ActiveCfg = Release|Any CPU
		{0DC49689-39BB-4AD9-BD90-971F8F025444}.Release|Any CPU.Build.0 = Release|Any CPU
		{83604BCE-18F1-40E0-94AA-8620BC84C8A4}.Debug|Any CPU.ActiveCfg = Debug|Any CPU
		{83604BCE-18F1-40E0-94AA-8620BC84C8A4}.Debug|Any CPU.Build.0 = Debug|Any CPU
		{83604BCE-18F1-40E0-94AA-8620BC84C8A4}.Release|Any CPU.ActiveCfg = Release|Any CPU
		{83604BCE-18F1-40E0-94AA-8620BC84C8A4}.Release|Any CPU.Build.0 = Release|Any CPU
		{EA6D08C1-29C0-49BA-8A69-352B249F570C}.Debug|Any CPU.ActiveCfg = Debug|Any CPU
		{EA6D08C1-29C0-49BA-8A69-352B249F570C}.Debug|Any CPU.Build.0 = Debug|Any CPU
		{EA6D08C1-29C0-49BA-8A69-352B249F570C}.Release|Any CPU.ActiveCfg = Release|Any CPU
		{EA6D08C1-29C0-49BA-8A69-352B249F570C}.Release|Any CPU.Build.0 = Release|Any CPU
		{41F5C872-5C16-4751-8E64-D51B9FCB2C86}.Debug|Any CPU.ActiveCfg = Debug|Any CPU
		{41F5C872-5C16-4751-8E64-D51B9FCB2C86}.Debug|Any CPU.Build.0 = Debug|Any CPU
		{41F5C872-5C16-4751-8E64-D51B9FCB2C86}.Release|Any CPU.ActiveCfg = Release|Any CPU
		{41F5C872-5C16-4751-8E64-D51B9FCB2C86}.Release|Any CPU.Build.0 = Release|Any CPU
		{579CF0E7-93F8-44E7-9E58-4D2D32E4D15E}.Debug|Any CPU.ActiveCfg = Debug|Any CPU
		{579CF0E7-93F8-44E7-9E58-4D2D32E4D15E}.Debug|Any CPU.Build.0 = Debug|Any CPU
		{579CF0E7-93F8-44E7-9E58-4D2D32E4D15E}.Release|Any CPU.ActiveCfg = Release|Any CPU
		{579CF0E7-93F8-44E7-9E58-4D2D32E4D15E}.Release|Any CPU.Build.0 = Release|Any CPU
		{946A752A-85FD-4F41-914B-FDF93205597D}.Debug|Any CPU.ActiveCfg = Debug|Any CPU
		{946A752A-85FD-4F41-914B-FDF93205597D}.Debug|Any CPU.Build.0 = Debug|Any CPU
		{946A752A-85FD-4F41-914B-FDF93205597D}.Release|Any CPU.ActiveCfg = Release|Any CPU
		{946A752A-85FD-4F41-914B-FDF93205597D}.Release|Any CPU.Build.0 = Release|Any CPU
		{B2DCD97A-5CB5-4C7E-AE7B-6C8FD53623C5}.Debug|Any CPU.ActiveCfg = Debug|Any CPU
		{B2DCD97A-5CB5-4C7E-AE7B-6C8FD53623C5}.Debug|Any CPU.Build.0 = Debug|Any CPU
		{B2DCD97A-5CB5-4C7E-AE7B-6C8FD53623C5}.Release|Any CPU.ActiveCfg = Release|Any CPU
		{B2DCD97A-5CB5-4C7E-AE7B-6C8FD53623C5}.Release|Any CPU.Build.0 = Release|Any CPU
		{2016F1EC-0740-4839-B962-9C60028DBD5B}.Debug|Any CPU.ActiveCfg = Debug|Any CPU
		{2016F1EC-0740-4839-B962-9C60028DBD5B}.Debug|Any CPU.Build.0 = Debug|Any CPU
		{2016F1EC-0740-4839-B962-9C60028DBD5B}.Release|Any CPU.ActiveCfg = Release|Any CPU
		{2016F1EC-0740-4839-B962-9C60028DBD5B}.Release|Any CPU.Build.0 = Release|Any CPU
		{C0A4D38D-81B5-4CE1-8846-64DF2D1CA563}.Debug|Any CPU.ActiveCfg = Debug|Any CPU
		{C0A4D38D-81B5-4CE1-8846-64DF2D1CA563}.Debug|Any CPU.Build.0 = Debug|Any CPU
		{C0A4D38D-81B5-4CE1-8846-64DF2D1CA563}.Release|Any CPU.ActiveCfg = Release|Any CPU
		{C0A4D38D-81B5-4CE1-8846-64DF2D1CA563}.Release|Any CPU.Build.0 = Release|Any CPU
	EndGlobalSection
	GlobalSection(SolutionProperties) = preSolution
		HideSolutionNode = FALSE
	EndGlobalSection
	GlobalSection(NestedProjects) = preSolution
		{21E51042-88F0-4AEB-9B4B-8BDC2057DF17} = {58B4839E-E888-431B-BBC4-BDE93846EFD2}
		{4F1A0D5B-B28F-452A-86F2-5E8088C730A8} = {21E51042-88F0-4AEB-9B4B-8BDC2057DF17}
		{B806437B-2A8C-40F3-B668-8AACDEDD3D20} = {58B4839E-E888-431B-BBC4-BDE93846EFD2}
		{8C86F19E-CC5C-46AE-8597-F46954D9F3BC} = {B806437B-2A8C-40F3-B668-8AACDEDD3D20}
		{0E55EAEB-EE05-418F-A632-7F56D5FD1C85} = {58B4839E-E888-431B-BBC4-BDE93846EFD2}
		{733A3E3B-31B0-4BB7-AF5F-AF6EDFB58572} = {0E55EAEB-EE05-418F-A632-7F56D5FD1C85}
		{D47AE929-1D22-486A-B65C-386B648A7E84} = {0E55EAEB-EE05-418F-A632-7F56D5FD1C85}
		{FA2BB0CC-A265-4DDD-9F4A-128E44D931F0} = {0E55EAEB-EE05-418F-A632-7F56D5FD1C85}
		{962851C4-86F3-478A-A6D1-41A9B86DC497} = {733A3E3B-31B0-4BB7-AF5F-AF6EDFB58572}
		{0DC49689-39BB-4AD9-BD90-971F8F025444} = {733A3E3B-31B0-4BB7-AF5F-AF6EDFB58572}
		{83604BCE-18F1-40E0-94AA-8620BC84C8A4} = {D47AE929-1D22-486A-B65C-386B648A7E84}
		{EA6D08C1-29C0-49BA-8A69-352B249F570C} = {FA2BB0CC-A265-4DDD-9F4A-128E44D931F0}
		{41F5C872-5C16-4751-8E64-D51B9FCB2C86} = {870895EA-B305-4F04-B01E-4B1E97DFD339}
		{C7764A10-BA14-40A2-89B4-680638054EDF} = {58B4839E-E888-431B-BBC4-BDE93846EFD2}
		{579CF0E7-93F8-44E7-9E58-4D2D32E4D15E} = {C7764A10-BA14-40A2-89B4-680638054EDF}
		{946A752A-85FD-4F41-914B-FDF93205597D} = {C7764A10-BA14-40A2-89B4-680638054EDF}
		{B2DCD97A-5CB5-4C7E-AE7B-6C8FD53623C5} = {C7764A10-BA14-40A2-89B4-680638054EDF}
		{2016F1EC-0740-4839-B962-9C60028DBD5B} = {C7764A10-BA14-40A2-89B4-680638054EDF}
		{C0A4D38D-81B5-4CE1-8846-64DF2D1CA563} = {C7764A10-BA14-40A2-89B4-680638054EDF}
	EndGlobalSection
	GlobalSection(ExtensibilityGlobals) = postSolution
		SolutionGuid = {A7C60560-FBB3-4212-B79E-4D58A0EB913F}
	EndGlobalSection
EndGlobal
